
Microsoft Visual Studio Solution File, Format Version 12.00
Project("{2150E333-8FDC-42A3-9474-1A3956D46DE8}") = "Src", "Src", "{69EE5054-E33D-4F02-B077-C81B3ACFCED8}"
EndProject
Project("{2150E333-8FDC-42A3-9474-1A3956D46DE8}") = "Tests", "Tests", "{49C800EB-D466-4B5C-A16D-5C93EE2ED0D5}"
EndProject
Project("{2150E333-8FDC-42A3-9474-1A3956D46DE8}") = "Core", "Src\Core", "{7EBE56D4-3969-477C-80F1-8E2D0231CBE0}"
EndProject
Project("{2150E333-8FDC-42A3-9474-1A3956D46DE8}") = "External", "Src\External", "{7F74B07F-08BC-4ABB-A97A-8766B4FB4E1E}"
EndProject
Project("{FAE04EC0-301F-11D3-BF4B-00C04F79EFBC}") = "Acrobatt.Domain", "Src\Core\Acrobatt.Domain\Acrobatt.Domain.csproj", "{D11D9C79-295C-498F-A68A-A07B4912CCD4}"
EndProject
Project("{FAE04EC0-301F-11D3-BF4B-00C04F79EFBC}") = "Acrobatt.Application", "Src\Core\Acrobatt.Application\Acrobatt.Application.csproj", "{F4EBCC17-510D-42B8-843C-200E5907A2E3}"
EndProject
Project("{FAE04EC0-301F-11D3-BF4B-00C04F79EFBC}") = "Acrobatt.Infrastructure", "Src\External\Acrobatt.Infrastructure\Acrobatt.Infrastructure.csproj", "{484D739A-44A6-4957-9C58-79B13F71911C}"
EndProject
Project("{FAE04EC0-301F-11D3-BF4B-00C04F79EFBC}") = "Acrobatt.API", "Src\External\Acrobatt.API\Acrobatt.API.csproj", "{93C75111-22CE-4101-A1B7-A772BEDC0CBA}"
EndProject
Project("{FAE04EC0-301F-11D3-BF4B-00C04F79EFBC}") = "Acrobatt.UnitTests", "Tests\Acrobatt.UnitTests\Acrobatt.UnitTests.csproj", "{4F65539F-35E0-4677-8344-37012DD68969}"
EndProject
Project("{FAE04EC0-301F-11D3-BF4B-00C04F79EFBC}") = "Acrobatt.IntegrationTests", "Tests\Acrobatt.IntegrationTests\Acrobatt.IntegrationTests.csproj", "{60417AA1-4263-48AD-8F2E-3B8E54D00587}"
EndProject
Project("{FAE04EC0-301F-11D3-BF4B-00C04F79EFBC}") = "Acrobatt.E2E", "Tests\Acrobatt.E2E\Acrobatt.E2E.csproj", "{16D63D3A-3494-4CBB-BA69-61508067FC5E}"
EndProject
Global
	GlobalSection(SolutionConfigurationPlatforms) = preSolution
		Debug|Any CPU = Debug|Any CPU
		Release|Any CPU = Release|Any CPU
	EndGlobalSection
	GlobalSection(NestedProjects) = preSolution
		{7EBE56D4-3969-477C-80F1-8E2D0231CBE0} = {69EE5054-E33D-4F02-B077-C81B3ACFCED8}
		{7F74B07F-08BC-4ABB-A97A-8766B4FB4E1E} = {69EE5054-E33D-4F02-B077-C81B3ACFCED8}
		{D11D9C79-295C-498F-A68A-A07B4912CCD4} = {7EBE56D4-3969-477C-80F1-8E2D0231CBE0}
		{F4EBCC17-510D-42B8-843C-200E5907A2E3} = {7EBE56D4-3969-477C-80F1-8E2D0231CBE0}
		{484D739A-44A6-4957-9C58-79B13F71911C} = {7F74B07F-08BC-4ABB-A97A-8766B4FB4E1E}
		{93C75111-22CE-4101-A1B7-A772BEDC0CBA} = {7F74B07F-08BC-4ABB-A97A-8766B4FB4E1E}
		{4F65539F-35E0-4677-8344-37012DD68969} = {49C800EB-D466-4B5C-A16D-5C93EE2ED0D5}
		{60417AA1-4263-48AD-8F2E-3B8E54D00587} = {49C800EB-D466-4B5C-A16D-5C93EE2ED0D5}
		{16D63D3A-3494-4CBB-BA69-61508067FC5E} = {49C800EB-D466-4B5C-A16D-5C93EE2ED0D5}
	EndGlobalSection
	GlobalSection(ProjectConfigurationPlatforms) = postSolution
		{D11D9C79-295C-498F-A68A-A07B4912CCD4}.Debug|Any CPU.ActiveCfg = Debug|Any CPU
		{D11D9C79-295C-498F-A68A-A07B4912CCD4}.Debug|Any CPU.Build.0 = Debug|Any CPU
		{D11D9C79-295C-498F-A68A-A07B4912CCD4}.Release|Any CPU.ActiveCfg = Release|Any CPU
		{D11D9C79-295C-498F-A68A-A07B4912CCD4}.Release|Any CPU.Build.0 = Release|Any CPU
		{F4EBCC17-510D-42B8-843C-200E5907A2E3}.Debug|Any CPU.ActiveCfg = Debug|Any CPU
		{F4EBCC17-510D-42B8-843C-200E5907A2E3}.Debug|Any CPU.Build.0 = Debug|Any CPU
		{F4EBCC17-510D-42B8-843C-200E5907A2E3}.Release|Any CPU.ActiveCfg = Release|Any CPU
		{F4EBCC17-510D-42B8-843C-200E5907A2E3}.Release|Any CPU.Build.0 = Release|Any CPU
		{484D739A-44A6-4957-9C58-79B13F71911C}.Debug|Any CPU.ActiveCfg = Debug|Any CPU
		{484D739A-44A6-4957-9C58-79B13F71911C}.Debug|Any CPU.Build.0 = Debug|Any CPU
		{484D739A-44A6-4957-9C58-79B13F71911C}.Release|Any CPU.ActiveCfg = Release|Any CPU
		{484D739A-44A6-4957-9C58-79B13F71911C}.Release|Any CPU.Build.0 = Release|Any CPU
		{93C75111-22CE-4101-A1B7-A772BEDC0CBA}.Debug|Any CPU.ActiveCfg = Debug|Any CPU
		{93C75111-22CE-4101-A1B7-A772BEDC0CBA}.Debug|Any CPU.Build.0 = Debug|Any CPU
		{93C75111-22CE-4101-A1B7-A772BEDC0CBA}.Release|Any CPU.ActiveCfg = Release|Any CPU
		{93C75111-22CE-4101-A1B7-A772BEDC0CBA}.Release|Any CPU.Build.0 = Release|Any CPU
		{4F65539F-35E0-4677-8344-37012DD68969}.Debug|Any CPU.ActiveCfg = Debug|Any CPU
		{4F65539F-35E0-4677-8344-37012DD68969}.Debug|Any CPU.Build.0 = Debug|Any CPU
		{4F65539F-35E0-4677-8344-37012DD68969}.Release|Any CPU.ActiveCfg = Release|Any CPU
		{4F65539F-35E0-4677-8344-37012DD68969}.Release|Any CPU.Build.0 = Release|Any CPU
		{60417AA1-4263-48AD-8F2E-3B8E54D00587}.Debug|Any CPU.ActiveCfg = Debug|Any CPU
		{60417AA1-4263-48AD-8F2E-3B8E54D00587}.Debug|Any CPU.Build.0 = Debug|Any CPU
		{60417AA1-4263-48AD-8F2E-3B8E54D00587}.Release|Any CPU.ActiveCfg = Release|Any CPU
		{60417AA1-4263-48AD-8F2E-3B8E54D00587}.Release|Any CPU.Build.0 = Release|Any CPU
		{16D63D3A-3494-4CBB-BA69-61508067FC5E}.Debug|Any CPU.ActiveCfg = Debug|Any CPU
		{16D63D3A-3494-4CBB-BA69-61508067FC5E}.Debug|Any CPU.Build.0 = Debug|Any CPU
		{16D63D3A-3494-4CBB-BA69-61508067FC5E}.Release|Any CPU.ActiveCfg = Release|Any CPU
		{16D63D3A-3494-4CBB-BA69-61508067FC5E}.Release|Any CPU.Build.0 = Release|Any CPU
	EndGlobalSection
EndGlobal
